
Microsoft Visual Studio Solution File, Format Version 12.00
# Visual Studio 14
VisualStudioVersion = 14.0.22823.1
MinimumVisualStudioVersion = 10.0.40219.1
Project("{FAE04EC0-301F-11D3-BF4B-00C04F79EFBC}") = "CaptchaLibrary", "CaptchaTest\CaptchaLibrary\CaptchaLibrary.csproj", "{57CD1328-191D-4425-8A66-06B1FBB400AF}"
EndProject
Project("{FAE04EC0-301F-11D3-BF4B-00C04F79EFBC}") = "CaptchaTest", "CaptchaTest\CaptchaTest\CaptchaTest.csproj", "{B6ABBFFB-F751-430E-96C4-8B02AC31B93D}"
EndProject
Global
	GlobalSection(SolutionConfigurationPlatforms) = preSolution
		Debug|Any CPU = Debug|Any CPU
		Release|Any CPU = Release|Any CPU
	EndGlobalSection
	GlobalSection(ProjectConfigurationPlatforms) = postSolution
		{57CD1328-191D-4425-8A66-06B1FBB400AF}.Debug|Any CPU.ActiveCfg = Debug|Any CPU
		{57CD1328-191D-4425-8A66-06B1FBB400AF}.Debug|Any CPU.Build.0 = Debug|Any CPU
		{57CD1328-191D-4425-8A66-06B1FBB400AF}.Release|Any CPU.ActiveCfg = Release|Any CPU
		{57CD1328-191D-4425-8A66-06B1FBB400AF}.Release|Any CPU.Build.0 = Release|Any CPU
		{B6ABBFFB-F751-430E-96C4-8B02AC31B93D}.Debug|Any CPU.ActiveCfg = Debug|Any CPU
		{B6ABBFFB-F751-430E-96C4-8B02AC31B93D}.Debug|Any CPU.Build.0 = Debug|Any CPU
		{B6ABBFFB-F751-430E-96C4-8B02AC31B93D}.Release|Any CPU.ActiveCfg = Release|Any CPU
		{B6ABBFFB-F751-430E-96C4-8B02AC31B93D}.Release|Any CPU.Build.0 = Release|Any CPU
	EndGlobalSection
	GlobalSection(SolutionProperties) = preSolution
		HideSolutionNode = FALSE
	EndGlobalSection
EndGlobal
